// !$*UTF8*$!
{
	archiveVersion = 1;
	classes = {
	};
	objectVersion = 56;
	objects = {

/* Begin PBXBuildFile section */
		CB70FAF8EE4867EAA2DE3FD2 /* Pods_TestFairDrive.framework in Frameworks */ = {isa = PBXBuildFile; fileRef = 2DAC43B5EA93A6DEA4B1EC4D /* Pods_TestFairDrive.framework */; };
		D913C8872CC3D7040012126C /* AppDelegate.swift in Sources */ = {isa = PBXBuildFile; fileRef = D913C8862CC3D7040012126C /* AppDelegate.swift */; };
		D913C8892CC3D7040012126C /* SceneDelegate.swift in Sources */ = {isa = PBXBuildFile; fileRef = D913C8882CC3D7040012126C /* SceneDelegate.swift */; };
		D913C88B2CC3D7040012126C /* ViewController.swift in Sources */ = {isa = PBXBuildFile; fileRef = D913C88A2CC3D7040012126C /* ViewController.swift */; };
		D913C88E2CC3D7040012126C /* Base in Resources */ = {isa = PBXBuildFile; fileRef = D913C88D2CC3D7040012126C /* Base */; };
		D913C8902CC3D7050012126C /* Assets.xcassets in Resources */ = {isa = PBXBuildFile; fileRef = D913C88F2CC3D7050012126C /* Assets.xcassets */; };
		D913C8932CC3D7050012126C /* Base in Resources */ = {isa = PBXBuildFile; fileRef = D913C8922CC3D7050012126C /* Base */; };
		D913C89B2CC3DB380012126C /* GoogleService-Info.plist in Resources */ = {isa = PBXBuildFile; fileRef = D913C89A2CC3DB380012126C /* GoogleService-Info.plist */; };
		D96AB8B12CC54352000517F5 /* HistotyListVC.swift in Sources */ = {isa = PBXBuildFile; fileRef = D96AB8B02CC54352000517F5 /* HistotyListVC.swift */; };
		D96AB8B62CC618D3000517F5 /* LocationDetails.swift in Sources */ = {isa = PBXBuildFile; fileRef = D96AB8B52CC618D3000517F5 /* LocationDetails.swift */; };
		D9F432C92CC3EA7000AB2A8A /* LoginViewController.swift in Sources */ = {isa = PBXBuildFile; fileRef = D9F432C82CC3EA7000AB2A8A /* LoginViewController.swift */; };
		D9F432CB2CC41CA800AB2A8A /* HomeViewController.swift in Sources */ = {isa = PBXBuildFile; fileRef = D9F432CA2CC41CA800AB2A8A /* HomeViewController.swift */; };
/* End PBXBuildFile section */

/* Begin PBXFileReference section */
		2DAC43B5EA93A6DEA4B1EC4D /* Pods_TestFairDrive.framework */ = {isa = PBXFileReference; explicitFileType = wrapper.framework; includeInIndex = 0; path = Pods_TestFairDrive.framework; sourceTree = BUILT_PRODUCTS_DIR; };
		79E9965732A0E0D70F2EA97F /* Pods-TestFairDrive.release.xcconfig */ = {isa = PBXFileReference; includeInIndex = 1; lastKnownFileType = text.xcconfig; name = "Pods-TestFairDrive.release.xcconfig"; path = "Target Support Files/Pods-TestFairDrive/Pods-TestFairDrive.release.xcconfig"; sourceTree = "<group>"; };
		7A4396D127980041CFCD14B6 /* Pods-TestFairDrive.debug.xcconfig */ = {isa = PBXFileReference; includeInIndex = 1; lastKnownFileType = text.xcconfig; name = "Pods-TestFairDrive.debug.xcconfig"; path = "Target Support Files/Pods-TestFairDrive/Pods-TestFairDrive.debug.xcconfig"; sourceTree = "<group>"; };
		D913C8832CC3D7040012126C /* TestFairDrive.app */ = {isa = PBXFileReference; explicitFileType = wrapper.application; includeInIndex = 0; path = TestFairDrive.app; sourceTree = BUILT_PRODUCTS_DIR; };
		D913C8862CC3D7040012126C /* AppDelegate.swift */ = {isa = PBXFileReference; lastKnownFileType = sourcecode.swift; path = AppDelegate.swift; sourceTree = "<group>"; };
		D913C8882CC3D7040012126C /* SceneDelegate.swift */ = {isa = PBXFileReference; lastKnownFileType = sourcecode.swift; path = SceneDelegate.swift; sourceTree = "<group>"; };
		D913C88A2CC3D7040012126C /* ViewController.swift */ = {isa = PBXFileReference; lastKnownFileType = sourcecode.swift; path = ViewController.swift; sourceTree = "<group>"; };
		D913C88D2CC3D7040012126C /* Base */ = {isa = PBXFileReference; lastKnownFileType = file.storyboard; name = Base; path = Base.lproj/Main.storyboard; sourceTree = "<group>"; };
		D913C88F2CC3D7050012126C /* Assets.xcassets */ = {isa = PBXFileReference; lastKnownFileType = folder.assetcatalog; path = Assets.xcassets; sourceTree = "<group>"; };
		D913C8922CC3D7050012126C /* Base */ = {isa = PBXFileReference; lastKnownFileType = file.storyboard; name = Base; path = Base.lproj/LaunchScreen.storyboard; sourceTree = "<group>"; };
		D913C8942CC3D7050012126C /* Info.plist */ = {isa = PBXFileReference; lastKnownFileType = text.plist.xml; path = Info.plist; sourceTree = "<group>"; };
		D913C89A2CC3DB380012126C /* GoogleService-Info.plist */ = {isa = PBXFileReference; fileEncoding = 4; lastKnownFileType = text.plist.xml; name = "GoogleService-Info.plist"; path = "../../../GoogleService-Info.plist"; sourceTree = "<group>"; };
		D96AB8B02CC54352000517F5 /* HistotyListVC.swift */ = {isa = PBXFileReference; lastKnownFileType = sourcecode.swift; path = HistotyListVC.swift; sourceTree = "<group>"; };
		D96AB8B52CC618D3000517F5 /* LocationDetails.swift */ = {isa = PBXFileReference; lastKnownFileType = sourcecode.swift; path = LocationDetails.swift; sourceTree = "<group>"; };
		D9F432C82CC3EA7000AB2A8A /* LoginViewController.swift */ = {isa = PBXFileReference; lastKnownFileType = sourcecode.swift; path = LoginViewController.swift; sourceTree = "<group>"; };
		D9F432CA2CC41CA800AB2A8A /* HomeViewController.swift */ = {isa = PBXFileReference; lastKnownFileType = sourcecode.swift; path = HomeViewController.swift; sourceTree = "<group>"; };
/* End PBXFileReference section */

/* Begin PBXFrameworksBuildPhase section */
		D913C8802CC3D7040012126C /* Frameworks */ = {
			isa = PBXFrameworksBuildPhase;
			buildActionMask = 2147483647;
			files = (
				CB70FAF8EE4867EAA2DE3FD2 /* Pods_TestFairDrive.framework in Frameworks */,
			);
			runOnlyForDeploymentPostprocessing = 0;
		};
/* End PBXFrameworksBuildPhase section */

/* Begin PBXGroup section */
		4856E77706C95B71509A56CF /* Pods */ = {
			isa = PBXGroup;
			children = (
				7A4396D127980041CFCD14B6 /* Pods-TestFairDrive.debug.xcconfig */,
				79E9965732A0E0D70F2EA97F /* Pods-TestFairDrive.release.xcconfig */,
			);
			path = Pods;
			sourceTree = "<group>";
		};
		D913C87A2CC3D7040012126C = {
			isa = PBXGroup;
			children = (
				D913C8852CC3D7040012126C /* TestFairDrive */,
				D913C8842CC3D7040012126C /* Products */,
				4856E77706C95B71509A56CF /* Pods */,
				D96DEAB1C66BF65B4383D8EC /* Frameworks */,
			);
			sourceTree = "<group>";
		};
		D913C8842CC3D7040012126C /* Products */ = {
			isa = PBXGroup;
			children = (
				D913C8832CC3D7040012126C /* TestFairDrive.app */,
			);
			name = Products;
			sourceTree = "<group>";
		};
		D913C8852CC3D7040012126C /* TestFairDrive */ = {
			isa = PBXGroup;
			children = (
				D96AB8B22CC61873000517F5 /* Models */,
				D913C8862CC3D7040012126C /* AppDelegate.swift */,
				D913C8882CC3D7040012126C /* SceneDelegate.swift */,
				D96AB8AF2CC4C732000517F5 /* ViewControllers */,
				D913C88C2CC3D7040012126C /* Main.storyboard */,
				D913C88F2CC3D7050012126C /* Assets.xcassets */,
				D913C8912CC3D7050012126C /* LaunchScreen.storyboard */,
				D913C8942CC3D7050012126C /* Info.plist */,
				D913C89A2CC3DB380012126C /* GoogleService-Info.plist */,
			);
			path = TestFairDrive;
			sourceTree = "<group>";
		};
		D96AB8AF2CC4C732000517F5 /* ViewControllers */ = {
			isa = PBXGroup;
			children = (
				D913C88A2CC3D7040012126C /* ViewController.swift */,
				D9F432C82CC3EA7000AB2A8A /* LoginViewController.swift */,
				D9F432CA2CC41CA800AB2A8A /* HomeViewController.swift */,
				D96AB8B02CC54352000517F5 /* HistotyListVC.swift */,
			);
			path = ViewControllers;
			sourceTree = "<group>";
		};
		D96AB8B22CC61873000517F5 /* Models */ = {
			isa = PBXGroup;
			children = (
				D96AB8B52CC618D3000517F5 /* LocationDetails.swift */,
			);
			path = Models;
			sourceTree = "<group>";
		};
		D96DEAB1C66BF65B4383D8EC /* Frameworks */ = {
			isa = PBXGroup;
			children = (
				2DAC43B5EA93A6DEA4B1EC4D /* Pods_TestFairDrive.framework */,
			);
			name = Frameworks;
			sourceTree = "<group>";
		};
/* End PBXGroup section */

/* Begin PBXNativeTarget section */
		D913C8822CC3D7040012126C /* TestFairDrive */ = {
			isa = PBXNativeTarget;
			buildConfigurationList = D913C8972CC3D7050012126C /* Build configuration list for PBXNativeTarget "TestFairDrive" */;
			buildPhases = (
				374E3F5616EE8B573FECDEBC /* [CP] Check Pods Manifest.lock */,
				D913C87F2CC3D7040012126C /* Sources */,
				D913C8802CC3D7040012126C /* Frameworks */,
				D913C8812CC3D7040012126C /* Resources */,
				0012BE8E6392A48FF9A24262 /* [CP] Embed Pods Frameworks */,
			);
			buildRules = (
			);
			dependencies = (
			);
			name = TestFairDrive;
			productName = TestFairDrive;
			productReference = D913C8832CC3D7040012126C /* TestFairDrive.app */;
			productType = "com.apple.product-type.application";
		};
/* End PBXNativeTarget section */

/* Begin PBXProject section */
		D913C87B2CC3D7040012126C /* Project object */ = {
			isa = PBXProject;
			attributes = {
				BuildIndependentTargetsInParallel = 1;
				LastSwiftUpdateCheck = 1540;
				LastUpgradeCheck = 1540;
				TargetAttributes = {
					D913C8822CC3D7040012126C = {
						CreatedOnToolsVersion = 15.4;
					};
				};
			};
			buildConfigurationList = D913C87E2CC3D7040012126C /* Build configuration list for PBXProject "TestFairDrive" */;
			compatibilityVersion = "Xcode 14.0";
			developmentRegion = en;
			hasScannedForEncodings = 0;
			knownRegions = (
				en,
				Base,
			);
			mainGroup = D913C87A2CC3D7040012126C;
			productRefGroup = D913C8842CC3D7040012126C /* Products */;
			projectDirPath = "";
			projectRoot = "";
			targets = (
				D913C8822CC3D7040012126C /* TestFairDrive */,
			);
		};
/* End PBXProject section */

/* Begin PBXResourcesBuildPhase section */
		D913C8812CC3D7040012126C /* Resources */ = {
			isa = PBXResourcesBuildPhase;
			buildActionMask = 2147483647;
			files = (
				D913C8902CC3D7050012126C /* Assets.xcassets in Resources */,
				D913C89B2CC3DB380012126C /* GoogleService-Info.plist in Resources */,
				D913C8932CC3D7050012126C /* Base in Resources */,
				D913C88E2CC3D7040012126C /* Base in Resources */,
			);
			runOnlyForDeploymentPostprocessing = 0;
		};
/* End PBXResourcesBuildPhase section */

/* Begin PBXShellScriptBuildPhase section */
		0012BE8E6392A48FF9A24262 /* [CP] Embed Pods Frameworks */ = {
			isa = PBXShellScriptBuildPhase;
			buildActionMask = 2147483647;
			files = (
			);
			inputFileListPaths = (
				"${PODS_ROOT}/Target Support Files/Pods-TestFairDrive/Pods-TestFairDrive-frameworks-${CONFIGURATION}-input-files.xcfilelist",
			);
			name = "[CP] Embed Pods Frameworks";
			outputFileListPaths = (
				"${PODS_ROOT}/Target Support Files/Pods-TestFairDrive/Pods-TestFairDrive-frameworks-${CONFIGURATION}-output-files.xcfilelist",
			);
			runOnlyForDeploymentPostprocessing = 0;
			shellPath = /bin/sh;
			shellScript = "\"${PODS_ROOT}/Target Support Files/Pods-TestFairDrive/Pods-TestFairDrive-frameworks.sh\"\n";
			showEnvVarsInLog = 0;
		};
		374E3F5616EE8B573FECDEBC /* [CP] Check Pods Manifest.lock */ = {
			isa = PBXShellScriptBuildPhase;
			buildActionMask = 2147483647;
			files = (
			);
			inputFileListPaths = (
			);
			inputPaths = (
				"${PODS_PODFILE_DIR_PATH}/Podfile.lock",
				"${PODS_ROOT}/Manifest.lock",
			);
			name = "[CP] Check Pods Manifest.lock";
			outputFileListPaths = (
			);
			outputPaths = (
				"$(DERIVED_FILE_DIR)/Pods-TestFairDrive-checkManifestLockResult.txt",
			);
			runOnlyForDeploymentPostprocessing = 0;
			shellPath = /bin/sh;
			shellScript = "diff \"${PODS_PODFILE_DIR_PATH}/Podfile.lock\" \"${PODS_ROOT}/Manifest.lock\" > /dev/null\nif [ $? != 0 ] ; then\n    # print error to STDERR\n    echo \"error: The sandbox is not in sync with the Podfile.lock. Run 'pod install' or update your CocoaPods installation.\" >&2\n    exit 1\nfi\n# This output is used by Xcode 'outputs' to avoid re-running this script phase.\necho \"SUCCESS\" > \"${SCRIPT_OUTPUT_FILE_0}\"\n";
			showEnvVarsInLog = 0;
		};
/* End PBXShellScriptBuildPhase section */

/* Begin PBXSourcesBuildPhase section */
		D913C87F2CC3D7040012126C /* Sources */ = {
			isa = PBXSourcesBuildPhase;
			buildActionMask = 2147483647;
			files = (
				D9F432CB2CC41CA800AB2A8A /* HomeViewController.swift in Sources */,
				D9F432C92CC3EA7000AB2A8A /* LoginViewController.swift in Sources */,
				D913C88B2CC3D7040012126C /* ViewController.swift in Sources */,
				D96AB8B12CC54352000517F5 /* HistotyListVC.swift in Sources */,
				D96AB8B62CC618D3000517F5 /* LocationDetails.swift in Sources */,
				D913C8872CC3D7040012126C /* AppDelegate.swift in Sources */,
				D913C8892CC3D7040012126C /* SceneDelegate.swift in Sources */,
			);
			runOnlyForDeploymentPostprocessing = 0;
		};
/* End PBXSourcesBuildPhase section */

/* Begin PBXVariantGroup section */
		D913C88C2CC3D7040012126C /* Main.storyboard */ = {
			isa = PBXVariantGroup;
			children = (
				D913C88D2CC3D7040012126C /* Base */,
			);
			name = Main.storyboard;
			sourceTree = "<group>";
		};
		D913C8912CC3D7050012126C /* LaunchScreen.storyboard */ = {
			isa = PBXVariantGroup;
			children = (
				D913C8922CC3D7050012126C /* Base */,
			);
			name = LaunchScreen.storyboard;
			sourceTree = "<group>";
		};
/* End PBXVariantGroup section */

/* Begin XCBuildConfiguration section */
		D913C8952CC3D7050012126C /* Debug */ = {
			isa = XCBuildConfiguration;
			buildSettings = {
				ALWAYS_SEARCH_USER_PATHS = NO;
				ASSETCATALOG_COMPILER_GENERATE_SWIFT_ASSET_SYMBOL_EXTENSIONS = YES;
				CLANG_ANALYZER_NONNULL = YES;
				CLANG_ANALYZER_NUMBER_OBJECT_CONVERSION = YES_AGGRESSIVE;
				CLANG_CXX_LANGUAGE_STANDARD = "gnu++20";
				CLANG_ENABLE_MODULES = YES;
				CLANG_ENABLE_OBJC_ARC = YES;
				CLANG_ENABLE_OBJC_WEAK = YES;
				CLANG_WARN_BLOCK_CAPTURE_AUTORELEASING = YES;
				CLANG_WARN_BOOL_CONVERSION = YES;
				CLANG_WARN_COMMA = YES;
				CLANG_WARN_CONSTANT_CONVERSION = YES;
				CLANG_WARN_DEPRECATED_OBJC_IMPLEMENTATIONS = YES;
				CLANG_WARN_DIRECT_OBJC_ISA_USAGE = YES_ERROR;
				CLANG_WARN_DOCUMENTATION_COMMENTS = YES;
				CLANG_WARN_EMPTY_BODY = YES;
				CLANG_WARN_ENUM_CONVERSION = YES;
				CLANG_WARN_INFINITE_RECURSION = YES;
				CLANG_WARN_INT_CONVERSION = YES;
				CLANG_WARN_NON_LITERAL_NULL_CONVERSION = YES;
				CLANG_WARN_OBJC_IMPLICIT_RETAIN_SELF = YES;
				CLANG_WARN_OBJC_LITERAL_CONVERSION = YES;
				CLANG_WARN_OBJC_ROOT_CLASS = YES_ERROR;
				CLANG_WARN_QUOTED_INCLUDE_IN_FRAMEWORK_HEADER = YES;
				CLANG_WARN_RANGE_LOOP_ANALYSIS = YES;
				CLANG_WARN_STRICT_PROTOTYPES = YES;
				CLANG_WARN_SUSPICIOUS_MOVE = YES;
				CLANG_WARN_UNGUARDED_AVAILABILITY = YES_AGGRESSIVE;
				CLANG_WARN_UNREACHABLE_CODE = YES;
				CLANG_WARN__DUPLICATE_METHOD_MATCH = YES;
				COPY_PHASE_STRIP = NO;
				DEBUG_INFORMATION_FORMAT = dwarf;
				ENABLE_STRICT_OBJC_MSGSEND = YES;
				ENABLE_TESTABILITY = YES;
				ENABLE_USER_SCRIPT_SANDBOXING = YES;
				GCC_C_LANGUAGE_STANDARD = gnu17;
				GCC_DYNAMIC_NO_PIC = NO;
				GCC_NO_COMMON_BLOCKS = YES;
				GCC_OPTIMIZATION_LEVEL = 0;
				GCC_PREPROCESSOR_DEFINITIONS = (
					"DEBUG=1",
					"$(inherited)",
				);
				GCC_WARN_64_TO_32_BIT_CONVERSION = YES;
				GCC_WARN_ABOUT_RETURN_TYPE = YES_ERROR;
				GCC_WARN_UNDECLARED_SELECTOR = YES;
				GCC_WARN_UNINITIALIZED_AUTOS = YES_AGGRESSIVE;
				GCC_WARN_UNUSED_FUNCTION = YES;
				GCC_WARN_UNUSED_VARIABLE = YES;
				IPHONEOS_DEPLOYMENT_TARGET = 17.5;
				LOCALIZATION_PREFERS_STRING_CATALOGS = YES;
				MTL_ENABLE_DEBUG_INFO = INCLUDE_SOURCE;
				MTL_FAST_MATH = YES;
				ONLY_ACTIVE_ARCH = YES;
				SDKROOT = iphoneos;
				SWIFT_ACTIVE_COMPILATION_CONDITIONS = "DEBUG $(inherited)";
				SWIFT_OPTIMIZATION_LEVEL = "-Onone";
			};
			name = Debug;
		};
		D913C8962CC3D7050012126C /* Release */ = {
			isa = XCBuildConfiguration;
			buildSettings = {
				ALWAYS_SEARCH_USER_PATHS = NO;
				ASSETCATALOG_COMPILER_GENERATE_SWIFT_ASSET_SYMBOL_EXTENSIONS = YES;
				CLANG_ANALYZER_NONNULL = YES;
				CLANG_ANALYZER_NUMBER_OBJECT_CONVERSION = YES_AGGRESSIVE;
				CLANG_CXX_LANGUAGE_STANDARD = "gnu++20";
				CLANG_ENABLE_MODULES = YES;
				CLANG_ENABLE_OBJC_ARC = YES;
				CLANG_ENABLE_OBJC_WEAK = YES;
				CLANG_WARN_BLOCK_CAPTURE_AUTORELEASING = YES;
				CLANG_WARN_BOOL_CONVERSION = YES;
				CLANG_WARN_COMMA = YES;
				CLANG_WARN_CONSTANT_CONVERSION = YES;
				CLANG_WARN_DEPRECATED_OBJC_IMPLEMENTATIONS = YES;
				CLANG_WARN_DIRECT_OBJC_ISA_USAGE = YES_ERROR;
				CLANG_WARN_DOCUMENTATION_COMMENTS = YES;
				CLANG_WARN_EMPTY_BODY = YES;
				CLANG_WARN_ENUM_CONVERSION = YES;
				CLANG_WARN_INFINITE_RECURSION = YES;
				CLANG_WARN_INT_CONVERSION = YES;
				CLANG_WARN_NON_LITERAL_NULL_CONVERSION = YES;
				CLANG_WARN_OBJC_IMPLICIT_RETAIN_SELF = YES;
				CLANG_WARN_OBJC_LITERAL_CONVERSION = YES;
				CLANG_WARN_OBJC_ROOT_CLASS = YES_ERROR;
				CLANG_WARN_QUOTED_INCLUDE_IN_FRAMEWORK_HEADER = YES;
				CLANG_WARN_RANGE_LOOP_ANALYSIS = YES;
				CLANG_WARN_STRICT_PROTOTYPES = YES;
				CLANG_WARN_SUSPICIOUS_MOVE = YES;
				CLANG_WARN_UNGUARDED_AVAILABILITY = YES_AGGRESSIVE;
				CLANG_WARN_UNREACHABLE_CODE = YES;
				CLANG_WARN__DUPLICATE_METHOD_MATCH = YES;
				COPY_PHASE_STRIP = NO;
				DEBUG_INFORMATION_FORMAT = "dwarf-with-dsym";
				ENABLE_NS_ASSERTIONS = NO;
				ENABLE_STRICT_OBJC_MSGSEND = YES;
				ENABLE_USER_SCRIPT_SANDBOXING = YES;
				GCC_C_LANGUAGE_STANDARD = gnu17;
				GCC_NO_COMMON_BLOCKS = YES;
				GCC_WARN_64_TO_32_BIT_CONVERSION = YES;
				GCC_WARN_ABOUT_RETURN_TYPE = YES_ERROR;
				GCC_WARN_UNDECLARED_SELECTOR = YES;
				GCC_WARN_UNINITIALIZED_AUTOS = YES_AGGRESSIVE;
				GCC_WARN_UNUSED_FUNCTION = YES;
				GCC_WARN_UNUSED_VARIABLE = YES;
				IPHONEOS_DEPLOYMENT_TARGET = 17.5;
				LOCALIZATION_PREFERS_STRING_CATALOGS = YES;
				MTL_ENABLE_DEBUG_INFO = NO;
				MTL_FAST_MATH = YES;
				SDKROOT = iphoneos;
				SWIFT_COMPILATION_MODE = wholemodule;
				VALIDATE_PRODUCT = YES;
			};
			name = Release;
		};
		D913C8982CC3D7050012126C /* Debug */ = {
			isa = XCBuildConfiguration;
			baseConfigurationReference = 7A4396D127980041CFCD14B6 /* Pods-TestFairDrive.debug.xcconfig */;
			buildSettings = {
				ASSETCATALOG_COMPILER_APPICON_NAME = AppIcon;
				ASSETCATALOG_COMPILER_GLOBAL_ACCENT_COLOR_NAME = AccentColor;
				CODE_SIGN_STYLE = Automatic;
				CURRENT_PROJECT_VERSION = 1;
				DEVELOPMENT_TEAM = 4PN88S2B7V;
				ENABLE_APP_SANDBOX = NO;
				ENABLE_USER_SCRIPT_SANDBOXING = NO;
				GENERATE_INFOPLIST_FILE = YES;
				INFOPLIST_FILE = TestFairDrive/Info.plist;
				INFOPLIST_KEY_UIApplicationSupportsIndirectInputEvents = YES;
				INFOPLIST_KEY_UILaunchStoryboardName = LaunchScreen;
				INFOPLIST_KEY_UIMainStoryboardFile = Main;
				INFOPLIST_KEY_UISupportedInterfaceOrientations_iPad = "UIInterfaceOrientationPortrait UIInterfaceOrientationPortraitUpsideDown UIInterfaceOrientationLandscapeLeft UIInterfaceOrientationLandscapeRight";
				INFOPLIST_KEY_UISupportedInterfaceOrientations_iPhone = "UIInterfaceOrientationPortrait UIInterfaceOrientationLandscapeLeft UIInterfaceOrientationLandscapeRight";
				LD_RUNPATH_SEARCH_PATHS = (
					"$(inherited)",
					"@executable_path/Frameworks",
				);
				MARKETING_VERSION = 1.0;
				PRODUCT_BUNDLE_IDENTIFIER = com.Sudeepa.Test.TestFairDrive;
				PRODUCT_NAME = "$(TARGET_NAME)";
				SWIFT_EMIT_LOC_STRINGS = YES;
				SWIFT_VERSION = 5.0;
				TARGETED_DEVICE_FAMILY = "1,2";
			};
			name = Debug;
		};
		D913C8992CC3D7050012126C /* Release */ = {
			isa = XCBuildConfiguration;
			baseConfigurationReference = 79E9965732A0E0D70F2EA97F /* Pods-TestFairDrive.release.xcconfig */;
			buildSettings = {
				ASSETCATALOG_COMPILER_APPICON_NAME = AppIcon;
				ASSETCATALOG_COMPILER_GLOBAL_ACCENT_COLOR_NAME = AccentColor;
				CODE_SIGN_STYLE = Automatic;
				CURRENT_PROJECT_VERSION = 1;
				DEVELOPMENT_TEAM = 4PN88S2B7V;
				ENABLE_APP_SANDBOX = NO;
				ENABLE_USER_SCRIPT_SANDBOXING = NO;
				GENERATE_INFOPLIST_FILE = YES;
				INFOPLIST_FILE = TestFairDrive/Info.plist;
				INFOPLIST_KEY_UIApplicationSupportsIndirectInputEvents = YES;
				INFOPLIST_KEY_UILaunchStoryboardName = LaunchScreen;
				INFOPLIST_KEY_UIMainStoryboardFile = Main;
				INFOPLIST_KEY_UISupportedInterfaceOrientations_iPad = "UIInterfaceOrientationPortrait UIInterfaceOrientationPortraitUpsideDown UIInterfaceOrientationLandscapeLeft UIInterfaceOrientationLandscapeRight";
				INFOPLIST_KEY_UISupportedInterfaceOrientations_iPhone = "UIInterfaceOrientationPortrait UIInterfaceOrientationLandscapeLeft UIInterfaceOrientationLandscapeRight";
				LD_RUNPATH_SEARCH_PATHS = (
					"$(inherited)",
					"@executable_path/Frameworks",
				);
				MARKETING_VERSION = 1.0;
				PRODUCT_BUNDLE_IDENTIFIER = com.Sudeepa.Test.TestFairDrive;
				PRODUCT_NAME = "$(TARGET_NAME)";
				SWIFT_EMIT_LOC_STRINGS = YES;
				SWIFT_VERSION = 5.0;
				TARGETED_DEVICE_FAMILY = "1,2";
			};
			name = Release;
		};
/* End XCBuildConfiguration section */

/* Begin XCConfigurationList section */
		D913C87E2CC3D7040012126C /* Build configuration list for PBXProject "TestFairDrive" */ = {
			isa = XCConfigurationList;
			buildConfigurations = (
				D913C8952CC3D7050012126C /* Debug */,
				D913C8962CC3D7050012126C /* Release */,
			);
			defaultConfigurationIsVisible = 0;
			defaultConfigurationName = Release;
		};
		D913C8972CC3D7050012126C /* Build configuration list for PBXNativeTarget "TestFairDrive" */ = {
			isa = XCConfigurationList;
			buildConfigurations = (
				D913C8982CC3D7050012126C /* Debug */,
				D913C8992CC3D7050012126C /* Release */,
			);
			defaultConfigurationIsVisible = 0;
			defaultConfigurationName = Release;
		};
/* End XCConfigurationList section */
	};
	rootObject = D913C87B2CC3D7040012126C /* Project object */;
}
